{
  "name": "nodemail",
  "version": "1.0.0",
  "lockfileVersion": 1,
  "requires": true,
  "dependencies": {
    "node-datetime": {
      "version": "2.0.3",
      "resolved": "https://registry.npmjs.org/node-datetime/-/node-datetime-2.0.3.tgz",
      "integrity": "sha1-/eFod7mRkCySNPl+1M3K/qwIcxA="
    },
    "nodemailer": {
      "version": "4.1.3",
      "resolved": "https://registry.npmjs.org/nodemailer/-/nodemailer-4.1.3.tgz",
      "integrity": "sha512-MSljy3ZNtch/QBVOwUNfsMLe7PD5Pdda2FRIDGhWp3mfYGAXEyWN5nuT3UguScxEQP3T7a42ySQKEqNSX3Yazw=="
    }
  }
}
